
Microsoft Visual Studio Solution File, Format Version 12.00
# Visual Studio Version 17
VisualStudioVersion = 17.12.35707.178
MinimumVisualStudioVersion = 10.0.40219.1
Project("{FAE04EC0-301F-11D3-BF4B-00C04F79EFBC}") = "Modelo", "Modelo\Modelo.csproj", "{5470DB3C-688D-445C-A654-B591FCF9F7A6}"
EndProject
Project("{FAE04EC0-301F-11D3-BF4B-00C04F79EFBC}") = "DAL", "DAL\DAL.csproj", "{982534A8-D79A-43B0-A70F-7D24F6DB4A6C}"
EndProject
Project("{FAE04EC0-301F-11D3-BF4B-00C04F79EFBC}") = "BLL", "BLL\BLL.csproj", "{E4FD6810-08F6-437D-B978-88B41FA20A12}"
EndProject
Project("{FAE04EC0-301F-11D3-BF4B-00C04F79EFBC}") = "UIWindows", "UIWindows\UIWindows.csproj", "{E226951A-442E-400B-97B3-84D5FF6ADA47}"
EndProject
Global
	GlobalSection(SolutionConfigurationPlatforms) = preSolution
		Debug|Any CPU = Debug|Any CPU
		Release|Any CPU = Release|Any CPU
	EndGlobalSection
	GlobalSection(ProjectConfigurationPlatforms) = postSolution
		{5470DB3C-688D-445C-A654-B591FCF9F7A6}.Debug|Any CPU.ActiveCfg = Debug|Any CPU
		{5470DB3C-688D-445C-A654-B591FCF9F7A6}.Debug|Any CPU.Build.0 = Debug|Any CPU
		{5470DB3C-688D-445C-A654-B591FCF9F7A6}.Release|Any CPU.ActiveCfg = Release|Any CPU
		{5470DB3C-688D-445C-A654-B591FCF9F7A6}.Release|Any CPU.Build.0 = Release|Any CPU
		{982534A8-D79A-43B0-A70F-7D24F6DB4A6C}.Debug|Any CPU.ActiveCfg = Debug|Any CPU
		{982534A8-D79A-43B0-A70F-7D24F6DB4A6C}.Debug|Any CPU.Build.0 = Debug|Any CPU
		{982534A8-D79A-43B0-A70F-7D24F6DB4A6C}.Release|Any CPU.ActiveCfg = Release|Any CPU
		{982534A8-D79A-43B0-A70F-7D24F6DB4A6C}.Release|Any CPU.Build.0 = Release|Any CPU
		{E4FD6810-08F6-437D-B978-88B41FA20A12}.Debug|Any CPU.ActiveCfg = Debug|Any CPU
		{E4FD6810-08F6-437D-B978-88B41FA20A12}.Debug|Any CPU.Build.0 = Debug|Any CPU
		{E4FD6810-08F6-437D-B978-88B41FA20A12}.Release|Any CPU.ActiveCfg = Release|Any CPU
		{E4FD6810-08F6-437D-B978-88B41FA20A12}.Release|Any CPU.Build.0 = Release|Any CPU
		{E226951A-442E-400B-97B3-84D5FF6ADA47}.Debug|Any CPU.ActiveCfg = Debug|Any CPU
		{E226951A-442E-400B-97B3-84D5FF6ADA47}.Debug|Any CPU.Build.0 = Debug|Any CPU
		{E226951A-442E-400B-97B3-84D5FF6ADA47}.Release|Any CPU.ActiveCfg = Release|Any CPU
		{E226951A-442E-400B-97B3-84D5FF6ADA47}.Release|Any CPU.Build.0 = Release|Any CPU
	EndGlobalSection
	GlobalSection(SolutionProperties) = preSolution
		HideSolutionNode = FALSE
	EndGlobalSection
EndGlobal
